
Microsoft Visual Studio Solution File, Format Version 12.00
# Visual Studio Version 16
VisualStudioVersion = 16.0.31702.278
MinimumVisualStudioVersion = 10.0.40219.1
Project("{FAE04EC0-301F-11D3-BF4B-00C04F79EFBC}") = "WebAppSampleBSCS1", "WebAppSampleBSCS1\WebAppSampleBSCS1.csproj", "{23811BB9-BCAD-496E-8BDC-741F5633568F}"
EndProject
Global
	GlobalSection(SolutionConfigurationPlatforms) = preSolution
		Debug|Any CPU = Debug|Any CPU
		Release|Any CPU = Release|Any CPU
	EndGlobalSection
	GlobalSection(ProjectConfigurationPlatforms) = postSolution
		{23811BB9-BCAD-496E-8BDC-741F5633568F}.Debug|Any CPU.ActiveCfg = Debug|Any CPU
		{23811BB9-BCAD-496E-8BDC-741F5633568F}.Debug|Any CPU.Build.0 = Debug|Any CPU
		{23811BB9-BCAD-496E-8BDC-741F5633568F}.Release|Any CPU.ActiveCfg = Release|Any CPU
		{23811BB9-BCAD-496E-8BDC-741F5633568F}.Release|Any CPU.Build.0 = Release|Any CPU
	EndGlobalSection
	GlobalSection(SolutionProperties) = preSolution
		HideSolutionNode = FALSE
	EndGlobalSection
	GlobalSection(ExtensibilityGlobals) = postSolution
		SolutionGuid = {617DDEAE-7B52-446D-B646-43E4A8D649BD}
	EndGlobalSection
EndGlobal
